{
  "version": 4,
  "terraform_version": "0.15.1",
  "serial": 14,
  "lineage": "8425ec9b-02a4-c062-05eb-1097e8d2d846",
  "outputs": {
    "ip": {
      "value": "35.202.38.183",
      "type": "string"
    }
  },
  "resources": [
    {
      "mode": "managed",
      "type": "google_compute_firewall",
      "name": "default",
      "provider": "provider[\"registry.terraform.io/hashicorp/google\"]",
      "instances": [
        {
          "schema_version": 1,
          "attributes": {
            "allow": [
              {
                "ports": [
                  "5000"
                ],
                "protocol": "tcp"
              }
            ],
            "creation_timestamp": "2021-05-02T11:10:42.094-07:00",
            "deny": [],
            "description": "",
            "destination_ranges": [],
            "direction": "INGRESS",
            "disabled": false,
            "enable_logging": null,
            "id": "projects/practica11-201700342/global/firewalls/terraform-201700342-python-5000",
            "log_config": [],
            "name": "terraform-201700342-python-5000",
            "network": "https://www.googleapis.com/compute/v1/projects/practica11-201700342/global/networks/default",
            "priority": 1000,
            "project": "practica11-201700342",
            "self_link": "https://www.googleapis.com/compute/v1/projects/practica11-201700342/global/firewalls/terraform-201700342-python-5000",
            "source_ranges": [
              "0.0.0.0/0"
            ],
            "source_service_accounts": [],
            "source_tags": [],
            "target_service_accounts": [],
            "target_tags": [],
            "timeouts": null
          },
          "sensitive_attributes": [],
          "private": "eyJlMmJmYjczMC1lY2FhLTExZTYtOGY4OC0zNDM2M2JjN2M0YzAiOnsiY3JlYXRlIjoyNDAwMDAwMDAwMDAsImRlbGV0ZSI6MjQwMDAwMDAwMDAwLCJ1cGRhdGUiOjI0MDAwMDAwMDAwMH0sInNjaGVtYV92ZXJzaW9uIjoiMSJ9"
        }
      ]
    },
    {
      "mode": "managed",
      "type": "google_compute_instance",
      "name": "default",
      "provider": "provider[\"registry.terraform.io/hashicorp/google\"]",
      "instances": [
        {
          "schema_version": 6,
          "attributes": {
            "allow_stopping_for_update": null,
            "attached_disk": [],
            "boot_disk": [
              {
                "auto_delete": true,
                "device_name": "persistent-disk-0",
                "disk_encryption_key_raw": "",
                "disk_encryption_key_sha256": "",
                "initialize_params": [
                  {
                    "image": "https://www.googleapis.com/compute/v1/projects/debian-cloud/global/images/debian-9-stretch-v20210420",
                    "labels": {},
                    "size": 10,
                    "type": "pd-standard"
                  }
                ],
                "kms_key_self_link": "",
                "mode": "READ_WRITE",
                "source": "https://www.googleapis.com/compute/v1/projects/practica11-201700342/zones/us-central1-a/disks/terraform-201700342-423ae06d1e6a4e81"
              }
            ],
            "can_ip_forward": false,
            "confidential_instance_config": [],
            "cpu_platform": "Intel Haswell",
            "current_status": "RUNNING",
            "deletion_protection": false,
            "description": "",
            "desired_status": null,
            "enable_display": false,
            "guest_accelerator": [],
            "hostname": "",
            "id": "projects/practica11-201700342/zones/us-central1-a/instances/terraform-201700342-423ae06d1e6a4e81",
            "instance_id": "5289849078344275414",
            "label_fingerprint": "42WmSpB8rSM=",
            "labels": {},
            "machine_type": "f1-micro",
            "metadata": {
              "ssh-keys": "josef:ssh-rsa AAAAB3NzaC1yc2EAAAADAQABAAABgQCzN01DEZu+0unsJkQHPlYTX0gzLMiERvPQ+Edd2wwGIoZs8PElsOQe/B58/rtfdoAuDtV63Cjjm0U3lh/6kE0Dmr5Dokx4hG84i/yHIxmpwicTvK5FoRZxXxkSgxtWIQHVPmlqxPqY7ybyw5Y/qmisMZD8UpfHLzc5Egey1L1P5mhFIptR34EjPWlUhY3/Hj/q+56pji33ZcZ1PyflCxrAVry3h/vb5OuibFZuzK5WLyHm5DpcdK8TfiGp731Bu3M0Ac6vei885RrTiP4MYYLvoJzyFHVXET+X45x8vIZSflptsBAJZS/Ajirzl5XYnETWOoTswaQCKzVoYQr1Prh+mq8E3thWg5QLfcyX9LY0/w4EohC1cg4r6eFZvR/BzFkjZA/VVv6DloX3hFD27heO3oWpzMlTShapHeWxNBeqp2d4BVo923/wqeJ51KqQd+BAaaBJV2m+A+fRosrIjCbXFVPaQ5Ttzo4shyDPNqnfNDeXxVUlQ21XvOn2MfDfQ7c= jcbmazariegos@gmail.com\n"
            },
            "metadata_fingerprint": "eeI1xJ1HIyg=",
            "metadata_startup_script": "sudo apt-get update; sudo apt-get install -yq build-essential python python3-pip rsync; pip3 install flask",
            "min_cpu_platform": "",
            "name": "terraform-201700342-423ae06d1e6a4e81",
            "network_interface": [
              {
                "access_config": [
                  {
                    "nat_ip": "35.202.38.183",
                    "network_tier": "PREMIUM",
                    "public_ptr_domain_name": ""
                  }
                ],
                "alias_ip_range": [],
                "name": "nic0",
                "network": "https://www.googleapis.com/compute/v1/projects/practica11-201700342/global/networks/default",
                "network_ip": "10.128.0.3",
                "nic_type": "",
                "subnetwork": "https://www.googleapis.com/compute/v1/projects/practica11-201700342/regions/us-central1/subnetworks/default",
                "subnetwork_project": "practica11-201700342"
              }
            ],
            "project": "practica11-201700342",
            "resource_policies": [],
            "scheduling": [
              {
                "automatic_restart": true,
                "min_node_cpus": 0,
                "node_affinities": [],
                "on_host_maintenance": "MIGRATE",
                "preemptible": false
              }
            ],
            "scratch_disk": [],
            "self_link": "https://www.googleapis.com/compute/v1/projects/practica11-201700342/zones/us-central1-a/instances/terraform-201700342-423ae06d1e6a4e81",
            "service_account": [],
            "shielded_instance_config": [],
            "tags": [],
            "tags_fingerprint": "42WmSpB8rSM=",
            "timeouts": null,
            "zone": "us-central1-a"
          },
          "sensitive_attributes": [],
          "private": "eyJlMmJmYjczMC1lY2FhLTExZTYtOGY4OC0zNDM2M2JjN2M0YzAiOnsiY3JlYXRlIjoxMjAwMDAwMDAwMDAwLCJkZWxldGUiOjEyMDAwMDAwMDAwMDAsInVwZGF0ZSI6MTIwMDAwMDAwMDAwMH0sInNjaGVtYV92ZXJzaW9uIjoiNiJ9",
          "dependencies": [
            "random_id.instance_id"
          ]
        }
      ]
    },
    {
      "mode": "managed",
      "type": "random_id",
      "name": "instance_id",
      "provider": "provider[\"registry.terraform.io/hashicorp/random\"]",
      "instances": [
        {
          "schema_version": 0,
          "attributes": {
            "b64_std": "QjrgbR5qToE=",
            "b64_url": "QjrgbR5qToE",
            "byte_length": 8,
            "dec": "4772373514418802305",
            "hex": "423ae06d1e6a4e81",
            "id": "QjrgbR5qToE",
            "keepers": null,
            "prefix": null
          },
          "sensitive_attributes": [],
          "private": "bnVsbA=="
        }
      ]
    }
  ]
}
