{
  "version": 4,
  "terraform_version": "0.15.1",
  "serial": 4,
  "lineage": "e74c1adc-d13d-84e0-ce71-836302ec6cb9",
  "outputs": {
    "ip": {
      "value": "34.122.10.12",
      "type": "string"
    }
  },
  "resources": [
    {
      "mode": "managed",
      "type": "google_compute_instance",
      "name": "default",
      "provider": "provider[\"registry.terraform.io/hashicorp/google\"]",
      "instances": [
        {
          "schema_version": 6,
          "attributes": {
            "allow_stopping_for_update": null,
            "attached_disk": [],
            "boot_disk": [
              {
                "auto_delete": true,
                "device_name": "persistent-disk-0",
                "disk_encryption_key_raw": "",
                "disk_encryption_key_sha256": "",
                "initialize_params": [
                  {
                    "image": "https://www.googleapis.com/compute/v1/projects/debian-cloud/global/images/debian-9-stretch-v20210420",
                    "labels": {},
                    "size": 10,
                    "type": "pd-standard"
                  }
                ],
                "kms_key_self_link": "",
                "mode": "READ_WRITE",
                "source": "https://www.googleapis.com/compute/v1/projects/practica11-201700342/zones/us-central1-a/disks/terraform-copia"
              }
            ],
            "can_ip_forward": false,
            "confidential_instance_config": [],
            "cpu_platform": "Intel Haswell",
            "current_status": "RUNNING",
            "deletion_protection": false,
            "description": "",
            "desired_status": null,
            "enable_display": false,
            "guest_accelerator": [],
            "hostname": "",
            "id": "projects/practica11-201700342/zones/us-central1-a/instances/terraform-copia",
            "instance_id": "7419887445361218830",
            "label_fingerprint": "42WmSpB8rSM=",
            "labels": null,
            "machine_type": "f1-micro",
            "metadata": {
              "ssh-keys": "josef:ssh-rsa AAAAB3NzaC1yc2EAAAADAQABAAABgQCzN01DEZu+0unsJkQHPlYTX0gzLMiERvPQ+Edd2wwGIoZs8PElsOQe/B58/rtfdoAuDtV63Cjjm0U3lh/6kE0Dmr5Dokx4hG84i/yHIxmpwicTvK5FoRZxXxkSgxtWIQHVPmlqxPqY7ybyw5Y/qmisMZD8UpfHLzc5Egey1L1P5mhFIptR34EjPWlUhY3/Hj/q+56pji33ZcZ1PyflCxrAVry3h/vb5OuibFZuzK5WLyHm5DpcdK8TfiGp731Bu3M0Ac6vei885RrTiP4MYYLvoJzyFHVXET+X45x8vIZSflptsBAJZS/Ajirzl5XYnETWOoTswaQCKzVoYQr1Prh+mq8E3thWg5QLfcyX9LY0/w4EohC1cg4r6eFZvR/BzFkjZA/VVv6DloX3hFD27heO3oWpzMlTShapHeWxNBeqp2d4BVo923/wqeJ51KqQd+BAaaBJV2m+A+fRosrIjCbXFVPaQ5Ttzo4shyDPNqnfNDeXxVUlQ21XvOn2MfDfQ7c= jcbmazariegos@gmail.com\r\n"
            },
            "metadata_fingerprint": "ZlUin-hMroA=",
            "metadata_startup_script": "sudo apt-get update; sudo apt-get install -yq build-essential python python3-pip rsync; pip3 install flask",
            "min_cpu_platform": "",
            "name": "terraform-copia",
            "network_interface": [
              {
                "access_config": [
                  {
                    "nat_ip": "34.122.10.12",
                    "network_tier": "PREMIUM",
                    "public_ptr_domain_name": ""
                  }
                ],
                "alias_ip_range": [],
                "name": "nic0",
                "network": "https://www.googleapis.com/compute/v1/projects/practica11-201700342/global/networks/default",
                "network_ip": "10.128.0.16",
                "nic_type": "",
                "subnetwork": "https://www.googleapis.com/compute/v1/projects/practica11-201700342/regions/us-central1/subnetworks/default",
                "subnetwork_project": "practica11-201700342"
              }
            ],
            "project": "practica11-201700342",
            "resource_policies": null,
            "scheduling": [
              {
                "automatic_restart": true,
                "min_node_cpus": 0,
                "node_affinities": [],
                "on_host_maintenance": "MIGRATE",
                "preemptible": false
              }
            ],
            "scratch_disk": [],
            "self_link": "https://www.googleapis.com/compute/v1/projects/practica11-201700342/zones/us-central1-a/instances/terraform-copia",
            "service_account": [],
            "shielded_instance_config": [],
            "tags": null,
            "tags_fingerprint": "42WmSpB8rSM=",
            "timeouts": null,
            "zone": "us-central1-a"
          },
          "sensitive_attributes": [],
          "private": "eyJlMmJmYjczMC1lY2FhLTExZTYtOGY4OC0zNDM2M2JjN2M0YzAiOnsiY3JlYXRlIjoxMjAwMDAwMDAwMDAwLCJkZWxldGUiOjEyMDAwMDAwMDAwMDAsInVwZGF0ZSI6MTIwMDAwMDAwMDAwMH0sInNjaGVtYV92ZXJzaW9uIjoiNiJ9"
        }
      ]
    }
  ]
}
